{
  "name": "beam",
  "version": "0.0.1",
  "lockfileVersion": 3,
  "requires": true,
  "packages": {
    "": {
      "name": "beam",
      "version": "0.0.1",
      "devDependencies": {
        "sst": "^4",
        "typescript": "^5"
      }
    },
    "node_modules/aws4fetch": {
      "version": "1.0.18",
      "resolved": "https://registry.npmjs.org/aws4fetch/-/aws4fetch-1.0.18.tgz",
      "integrity": "sha512-3Cf+YaUl07p24MoQ46rFwulAmiyCwH2+1zw1ZyPAX5OtJ34Hh185DwB8y/qRLb6cYYYtSFJ9pthyLc0MD4e8sQ==",
      "dev": true,
      "license": "MIT"
    },
    "node_modules/jose": {
      "version": "5.2.3",
      "resolved": "https://registry.npmjs.org/jose/-/jose-5.2.3.tgz",
      "integrity": "sha512-KUXdbctm1uHVL8BYhnyHkgp3zDX5KW8ZhAKVFEfUbU2P8Alpzjb+48hHvjOdQIyPshoblhzsuqOwEEAbtHVirA==",
      "dev": true,
      "license": "MIT",
      "funding": {
        "url": "https://github.com/sponsors/panva"
      }
    },
    "node_modules/lru-cache": {
      "version": "6.0.0",
      "resolved": "https://registry.npmjs.org/lru-cache/-/lru-cache-6.0.0.tgz",
      "integrity": "sha512-Jo6dJ04CmSjuznwJSS3pUeWmd/H0ffTlkXXgwZi+eq1UCmqQwCh+eLsYOYCwY991i2Fah4h1BEMCx4qThGbsiA==",
      "dev": true,
      "license": "ISC",
      "dependencies": {
        "yallist": "^4.0.0"
      },
      "engines": {
        "node": ">=10"
      }
    },
    "node_modules/object-hash": {
      "version": "2.2.0",
      "resolved": "https://registry.npmjs.org/object-hash/-/object-hash-2.2.0.tgz",
      "integrity": "sha512-gScRMn0bS5fH+IuwyIFgnh9zBdo4DV+6GhygmWM9HyNJSgS0hScp1f5vjtm7oIIOiT9trXrShAkLFSc2IqKNgw==",
      "dev": true,
      "license": "MIT",
      "engines": {
        "node": ">= 6"
      }
    },
    "node_modules/oidc-token-hash": {
      "version": "5.2.0",
      "resolved": "https://registry.npmjs.org/oidc-token-hash/-/oidc-token-hash-5.2.0.tgz",
      "integrity": "sha512-6gj2m8cJZ+iSW8bm0FXdGF0YhIQbKrfP4yWTNzxc31U6MOjfEmB1rHvlYvxI1B7t7BCi1F2vYTT6YhtQRG4hxw==",
      "dev": true,
      "license": "MIT",
      "engines": {
        "node": "^10.13.0 || >=12.0.0"
      }
    },
    "node_modules/openid-client": {
      "version": "5.6.4",
      "resolved": "https://registry.npmjs.org/openid-client/-/openid-client-5.6.4.tgz",
      "integrity": "sha512-T1h3B10BRPKfcObdBklX639tVz+xh34O7GjofqrqiAQdm7eHsQ00ih18x6wuJ/E6FxdtS2u3FmUGPDeEcMwzNA==",
      "dev": true,
      "license": "MIT",
      "dependencies": {
        "jose": "^4.15.4",
        "lru-cache": "^6.0.0",
        "object-hash": "^2.2.0",
        "oidc-token-hash": "^5.0.3"
      },
      "funding": {
        "url": "https://github.com/sponsors/panva"
      }
    },
    "node_modules/openid-client/node_modules/jose": {
      "version": "4.15.9",
      "resolved": "https://registry.npmjs.org/jose/-/jose-4.15.9.tgz",
      "integrity": "sha512-1vUQX+IdDMVPj4k8kOxgUqlcK518yluMuGZwqlr44FS1ppZB/5GWh4rZG89erpOBOJjU/OBsnCVFfapsRz6nEA==",
      "dev": true,
      "license": "MIT",
      "funding": {
        "url": "https://github.com/sponsors/panva"
      }
    },
    "node_modules/sst": {
      "version": "4.1.0",
      "resolved": "https://registry.npmjs.org/sst/-/sst-4.1.0.tgz",
      "integrity": "sha512-59d2TFbuWnMc+2llUGvOCTD+d9Pc+EOk5E3giJ/zsHypznxjuwACQH21aGtgxeLayd8Hb1OLg2FnJtF30hsAwA==",
      "dev": true,
      "license": "MIT",
      "dependencies": {
        "aws4fetch": "1.0.18",
        "jose": "5.2.3",
        "openid-client": "5.6.4"
      },
      "bin": {
        "sst": "bin/sst.mjs"
      },
      "optionalDependencies": {
        "sst-darwin-arm64": "4.1.0",
        "sst-darwin-x64": "4.1.0",
        "sst-linux-arm64": "4.1.0",
        "sst-linux-x64": "4.1.0",
        "sst-linux-x86": "4.1.0",
        "sst-win32-arm64": "4.1.0",
        "sst-win32-x64": "4.1.0",
        "sst-win32-x86": "4.1.0"
      }
    },
    "node_modules/sst-darwin-arm64": {
      "version": "4.1.0",
      "resolved": "https://registry.npmjs.org/sst-darwin-arm64/-/sst-darwin-arm64-4.1.0.tgz",
      "integrity": "sha512-lCwd9bbpGn0DRqVbqH/vY/+hUfX+84FlGL727Eyw6VJo6V/wZsxJm10+ipaHtjnolsj0Kcg1Lg7Ovm/0blw4Jg==",
      "cpu": [
        "arm64"
      ],
      "dev": true,
      "license": "MIT",
      "optional": true,
      "os": [
        "darwin"
      ]
    },
    "node_modules/sst-darwin-x64": {
      "version": "4.1.0",
      "resolved": "https://registry.npmjs.org/sst-darwin-x64/-/sst-darwin-x64-4.1.0.tgz",
      "integrity": "sha512-EeuM0dcIxrG5g3Ono0WnNG1zoAmm8cWD7B3awAeLK0WLPQBMORigqdm/qq6U7noUmjyEaFDRwF8zyJ5ttKB0Pg==",
      "cpu": [
        "x64"
      ],
      "dev": true,
      "license": "MIT",
      "optional": true,
      "os": [
        "darwin"
      ]
    },
    "node_modules/sst-linux-arm64": {
      "version": "4.1.0",
      "resolved": "https://registry.npmjs.org/sst-linux-arm64/-/sst-linux-arm64-4.1.0.tgz",
      "integrity": "sha512-JNFFFFoFvgyJuyRrozjqujsewAMOBHVFceyYbWTXDiZ+sySWRuPyN9U307O8rjUuDY8cW+xkE1qLJTtFkJJURw==",
      "cpu": [
        "arm64"
      ],
      "dev": true,
      "license": "MIT",
      "optional": true,
      "os": [
        "linux"
      ]
    },
    "node_modules/sst-linux-x64": {
      "version": "4.1.0",
      "resolved": "https://registry.npmjs.org/sst-linux-x64/-/sst-linux-x64-4.1.0.tgz",
      "integrity": "sha512-CEK0VNT0Q1vCQEMbngRDl1TEjbVhkmaIHaajRE75pucMXJYrQO2hK+PVYPrxNnkLmlQVK3jpxuke7MQ6B3+jWQ==",
      "cpu": [
        "x64"
      ],
      "dev": true,
      "license": "MIT",
      "optional": true,
      "os": [
        "linux"
      ]
    },
    "node_modules/sst-linux-x86": {
      "version": "4.1.0",
      "resolved": "https://registry.npmjs.org/sst-linux-x86/-/sst-linux-x86-4.1.0.tgz",
      "integrity": "sha512-AbSbEnmlStChkNTFmCHvUZDrj6uAsb2hfxTmxde3W5mwTzv/zNKJHR1/X98SKsEaxco01Qtraiyj4NM57RUeeQ==",
      "cpu": [
        "x86"
      ],
      "dev": true,
      "license": "MIT",
      "optional": true,
      "os": [
        "linux"
      ]
    },
    "node_modules/sst-win32-arm64": {
      "version": "4.1.0",
      "resolved": "https://registry.npmjs.org/sst-win32-arm64/-/sst-win32-arm64-4.1.0.tgz",
      "integrity": "sha512-/7xbCEK7aTiiztzmQYIyLIdlnLxq77Dg2ZExgz8HHWwL3pPvcm3YPcs7XVO4j4Np+WEzqcNukRuKSzrYA1Q9ZA==",
      "cpu": [
        "arm64"
      ],
      "dev": true,
      "license": "MIT",
      "optional": true,
      "os": [
        "win32"
      ]
    },
    "node_modules/sst-win32-x64": {
      "version": "4.1.0",
      "resolved": "https://registry.npmjs.org/sst-win32-x64/-/sst-win32-x64-4.1.0.tgz",
      "integrity": "sha512-shzX7d9WSWkBK4r+povBoDbG7Vt6QZlwRXW7ViLW2McPQTjlS9uVs3LNOwRIsGYIqfPp8ANPEB9PvacEVkECLA==",
      "cpu": [
        "x64"
      ],
      "dev": true,
      "license": "MIT",
      "optional": true,
      "os": [
        "win32"
      ]
    },
    "node_modules/sst-win32-x86": {
      "version": "4.1.0",
      "resolved": "https://registry.npmjs.org/sst-win32-x86/-/sst-win32-x86-4.1.0.tgz",
      "integrity": "sha512-Yly4ZqojkHrjebT69Pvm1QovPgMITu655UAKFlXjSIZkBdlTTaZnEqsZDbl0rHij5OdY50bDfy/bIWhcObWHSA==",
      "cpu": [
        "x86"
      ],
      "dev": true,
      "license": "MIT",
      "optional": true,
      "os": [
        "win32"
      ]
    },
    "node_modules/typescript": {
      "version": "5.9.3",
      "resolved": "https://registry.npmjs.org/typescript/-/typescript-5.9.3.tgz",
      "integrity": "sha512-jl1vZzPDinLr9eUt3J/t7V6FgNEw9QjvBPdysz9KfQDD41fQrC2Y4vKQdiaUpFT4bXlb1RHhLpp8wtm6M5TgSw==",
      "dev": true,
      "license": "Apache-2.0",
      "bin": {
        "tsc": "bin/tsc",
        "tsserver": "bin/tsserver"
      },
      "engines": {
        "node": ">=14.17"
      }
    },
    "node_modules/yallist": {
      "version": "4.0.0",
      "resolved": "https://registry.npmjs.org/yallist/-/yallist-4.0.0.tgz",
      "integrity": "sha512-3wdGidZyq5PB084XLES5TpOSRA3wjXAlIWMhum2kRcv/41Sn2emQ0dycQW4uZXLejwKvg6EsvbdlVL+FYEct7A==",
      "dev": true,
      "license": "ISC"
    }
  }
}
